// !$*UTF8*$!
{
	archiveVersion = 1;
	classes = {
	};
	objectVersion = 55;
	objects = {

/* Begin PBXBuildFile section */
		20081958271EC74600E5B688 /* AppDelegate.swift in Sources */ = {isa = PBXBuildFile; fileRef = 20081957271EC74600E5B688 /* AppDelegate.swift */; };
		2008195A271EC74600E5B688 /* SceneDelegate.swift in Sources */ = {isa = PBXBuildFile; fileRef = 20081959271EC74600E5B688 /* SceneDelegate.swift */; };
		2008195C271EC74600E5B688 /* ViewController.swift in Sources */ = {isa = PBXBuildFile; fileRef = 2008195B271EC74600E5B688 /* ViewController.swift */; };
		2008195F271EC74600E5B688 /* Main.storyboard in Resources */ = {isa = PBXBuildFile; fileRef = 2008195D271EC74600E5B688 /* Main.storyboard */; };
		20081961271EC74A00E5B688 /* Assets.xcassets in Resources */ = {isa = PBXBuildFile; fileRef = 20081960271EC74A00E5B688 /* Assets.xcassets */; };
		20081964271EC74A00E5B688 /* LaunchScreen.storyboard in Resources */ = {isa = PBXBuildFile; fileRef = 20081962271EC74A00E5B688 /* LaunchScreen.storyboard */; };
		2008196F271EC74B00E5B688 /* AsparkTests.swift in Sources */ = {isa = PBXBuildFile; fileRef = 2008196E271EC74B00E5B688 /* AsparkTests.swift */; };
		20081979271EC74B00E5B688 /* AsparkUITests.swift in Sources */ = {isa = PBXBuildFile; fileRef = 20081978271EC74B00E5B688 /* AsparkUITests.swift */; };
		2008197B271EC74B00E5B688 /* AsparkUITestsLaunchTests.swift in Sources */ = {isa = PBXBuildFile; fileRef = 2008197A271EC74B00E5B688 /* AsparkUITestsLaunchTests.swift */; };
/* End PBXBuildFile section */

/* Begin PBXContainerItemProxy section */
		2008196B271EC74B00E5B688 /* PBXContainerItemProxy */ = {
			isa = PBXContainerItemProxy;
			containerPortal = 2008194C271EC74600E5B688 /* Project object */;
			proxyType = 1;
			remoteGlobalIDString = 20081953271EC74600E5B688;
			remoteInfo = Aspark;
		};
		20081975271EC74B00E5B688 /* PBXContainerItemProxy */ = {
			isa = PBXContainerItemProxy;
			containerPortal = 2008194C271EC74600E5B688 /* Project object */;
			proxyType = 1;
			remoteGlobalIDString = 20081953271EC74600E5B688;
			remoteInfo = Aspark;
		};
/* End PBXContainerItemProxy section */

/* Begin PBXFileReference section */
		20081954271EC74600E5B688 /* Aspark.app */ = {isa = PBXFileReference; explicitFileType = wrapper.application; includeInIndex = 0; path = Aspark.app; sourceTree = BUILT_PRODUCTS_DIR; };
		20081957271EC74600E5B688 /* AppDelegate.swift */ = {isa = PBXFileReference; lastKnownFileType = sourcecode.swift; path = AppDelegate.swift; sourceTree = "<group>"; };
		20081959271EC74600E5B688 /* SceneDelegate.swift */ = {isa = PBXFileReference; lastKnownFileType = sourcecode.swift; path = SceneDelegate.swift; sourceTree = "<group>"; };
		2008195B271EC74600E5B688 /* ViewController.swift */ = {isa = PBXFileReference; lastKnownFileType = sourcecode.swift; path = ViewController.swift; sourceTree = "<group>"; };
		2008195E271EC74600E5B688 /* Base */ = {isa = PBXFileReference; lastKnownFileType = file.storyboard; name = Base; path = Base.lproj/Main.storyboard; sourceTree = "<group>"; };
		20081960271EC74A00E5B688 /* Assets.xcassets */ = {isa = PBXFileReference; lastKnownFileType = folder.assetcatalog; path = Assets.xcassets; sourceTree = "<group>"; };
		20081963271EC74A00E5B688 /* Base */ = {isa = PBXFileReference; lastKnownFileType = file.storyboard; name = Base; path = Base.lproj/LaunchScreen.storyboard; sourceTree = "<group>"; };
		20081965271EC74A00E5B688 /* Info.plist */ = {isa = PBXFileReference; lastKnownFileType = text.plist.xml; path = Info.plist; sourceTree = "<group>"; };
		2008196A271EC74B00E5B688 /* AsparkTests.xctest */ = {isa = PBXFileReference; explicitFileType = wrapper.cfbundle; includeInIndex = 0; path = AsparkTests.xctest; sourceTree = BUILT_PRODUCTS_DIR; };
		2008196E271EC74B00E5B688 /* AsparkTests.swift */ = {isa = PBXFileReference; lastKnownFileType = sourcecode.swift; path = AsparkTests.swift; sourceTree = "<group>"; };
		20081974271EC74B00E5B688 /* AsparkUITests.xctest */ = {isa = PBXFileReference; explicitFileType = wrapper.cfbundle; includeInIndex = 0; path = AsparkUITests.xctest; sourceTree = BUILT_PRODUCTS_DIR; };
		20081978271EC74B00E5B688 /* AsparkUITests.swift */ = {isa = PBXFileReference; lastKnownFileType = sourcecode.swift; path = AsparkUITests.swift; sourceTree = "<group>"; };
		2008197A271EC74B00E5B688 /* AsparkUITestsLaunchTests.swift */ = {isa = PBXFileReference; lastKnownFileType = sourcecode.swift; path = AsparkUITestsLaunchTests.swift; sourceTree = "<group>"; };
/* End PBXFileReference section */

/* Begin PBXFrameworksBuildPhase section */
		20081951271EC74600E5B688 /* Frameworks */ = {
			isa = PBXFrameworksBuildPhase;
			buildActionMask = 2147483647;
			files = (
			);
			runOnlyForDeploymentPostprocessing = 0;
		};
		20081967271EC74B00E5B688 /* Frameworks */ = {
			isa = PBXFrameworksBuildPhase;
			buildActionMask = 2147483647;
			files = (
			);
			runOnlyForDeploymentPostprocessing = 0;
		};
		20081971271EC74B00E5B688 /* Frameworks */ = {
			isa = PBXFrameworksBuildPhase;
			buildActionMask = 2147483647;
			files = (
			);
			runOnlyForDeploymentPostprocessing = 0;
		};
/* End PBXFrameworksBuildPhase section */

/* Begin PBXGroup section */
		2008194B271EC74600E5B688 = {
			isa = PBXGroup;
			children = (
				20081956271EC74600E5B688 /* Aspark */,
				2008196D271EC74B00E5B688 /* AsparkTests */,
				20081977271EC74B00E5B688 /* AsparkUITests */,
				20081955271EC74600E5B688 /* Products */,
			);
			sourceTree = "<group>";
		};
		20081955271EC74600E5B688 /* Products */ = {
			isa = PBXGroup;
			children = (
				20081954271EC74600E5B688 /* Aspark.app */,
				2008196A271EC74B00E5B688 /* AsparkTests.xctest */,
				20081974271EC74B00E5B688 /* AsparkUITests.xctest */,
			);
			name = Products;
			sourceTree = "<group>";
		};
		20081956271EC74600E5B688 /* Aspark */ = {
			isa = PBXGroup;
			children = (
				20081957271EC74600E5B688 /* AppDelegate.swift */,
				20081959271EC74600E5B688 /* SceneDelegate.swift */,
				2008195B271EC74600E5B688 /* ViewController.swift */,
				2008195D271EC74600E5B688 /* Main.storyboard */,
				20081960271EC74A00E5B688 /* Assets.xcassets */,
				20081962271EC74A00E5B688 /* LaunchScreen.storyboard */,
				20081965271EC74A00E5B688 /* Info.plist */,
			);
			path = Aspark;
			sourceTree = "<group>";
		};
		2008196D271EC74B00E5B688 /* AsparkTests */ = {
			isa = PBXGroup;
			children = (
				2008196E271EC74B00E5B688 /* AsparkTests.swift */,
			);
			path = AsparkTests;
			sourceTree = "<group>";
		};
		20081977271EC74B00E5B688 /* AsparkUITests */ = {
			isa = PBXGroup;
			children = (
				20081978271EC74B00E5B688 /* AsparkUITests.swift */,
				2008197A271EC74B00E5B688 /* AsparkUITestsLaunchTests.swift */,
			);
			path = AsparkUITests;
			sourceTree = "<group>";
		};
/* End PBXGroup section */

/* Begin PBXNativeTarget section */
		20081953271EC74600E5B688 /* Aspark */ = {
			isa = PBXNativeTarget;
			buildConfigurationList = 2008197E271EC74B00E5B688 /* Build configuration list for PBXNativeTarget "Aspark" */;
			buildPhases = (
				20081950271EC74600E5B688 /* Sources */,
				20081951271EC74600E5B688 /* Frameworks */,
				20081952271EC74600E5B688 /* Resources */,
			);
			buildRules = (
			);
			dependencies = (
			);
			name = Aspark;
			productName = Aspark;
			productReference = 20081954271EC74600E5B688 /* Aspark.app */;
			productType = "com.apple.product-type.application";
		};
		20081969271EC74B00E5B688 /* AsparkTests */ = {
			isa = PBXNativeTarget;
			buildConfigurationList = 20081981271EC74B00E5B688 /* Build configuration list for PBXNativeTarget "AsparkTests" */;
			buildPhases = (
				20081966271EC74B00E5B688 /* Sources */,
				20081967271EC74B00E5B688 /* Frameworks */,
				20081968271EC74B00E5B688 /* Resources */,
			);
			buildRules = (
			);
			dependencies = (
				2008196C271EC74B00E5B688 /* PBXTargetDependency */,
			);
			name = AsparkTests;
			productName = AsparkTests;
			productReference = 2008196A271EC74B00E5B688 /* AsparkTests.xctest */;
			productType = "com.apple.product-type.bundle.unit-test";
		};
		20081973271EC74B00E5B688 /* AsparkUITests */ = {
			isa = PBXNativeTarget;
			buildConfigurationList = 20081984271EC74B00E5B688 /* Build configuration list for PBXNativeTarget "AsparkUITests" */;
			buildPhases = (
				20081970271EC74B00E5B688 /* Sources */,
				20081971271EC74B00E5B688 /* Frameworks */,
				20081972271EC74B00E5B688 /* Resources */,
			);
			buildRules = (
			);
			dependencies = (
				20081976271EC74B00E5B688 /* PBXTargetDependency */,
			);
			name = AsparkUITests;
			productName = AsparkUITests;
			productReference = 20081974271EC74B00E5B688 /* AsparkUITests.xctest */;
			productType = "com.apple.product-type.bundle.ui-testing";
		};
/* End PBXNativeTarget section */

/* Begin PBXProject section */
		2008194C271EC74600E5B688 /* Project object */ = {
			isa = PBXProject;
			attributes = {
				BuildIndependentTargetsInParallel = 1;
				LastSwiftUpdateCheck = 1300;
				LastUpgradeCheck = 1300;
				TargetAttributes = {
					20081953271EC74600E5B688 = {
						CreatedOnToolsVersion = 13.0;
					};
					20081969271EC74B00E5B688 = {
						CreatedOnToolsVersion = 13.0;
						TestTargetID = 20081953271EC74600E5B688;
					};
					20081973271EC74B00E5B688 = {
						CreatedOnToolsVersion = 13.0;
						TestTargetID = 20081953271EC74600E5B688;
					};
				};
			};
			buildConfigurationList = 2008194F271EC74600E5B688 /* Build configuration list for PBXProject "Aspark" */;
			compatibilityVersion = "Xcode 13.0";
			developmentRegion = en;
			hasScannedForEncodings = 0;
			knownRegions = (
				en,
				Base,
			);
			mainGroup = 2008194B271EC74600E5B688;
			productRefGroup = 20081955271EC74600E5B688 /* Products */;
			projectDirPath = "";
			projectRoot = "";
			targets = (
				20081953271EC74600E5B688 /* Aspark */,
				20081969271EC74B00E5B688 /* AsparkTests */,
				20081973271EC74B00E5B688 /* AsparkUITests */,
			);
		};
/* End PBXProject section */

/* Begin PBXResourcesBuildPhase section */
		20081952271EC74600E5B688 /* Resources */ = {
			isa = PBXResourcesBuildPhase;
			buildActionMask = 2147483647;
			files = (
				20081964271EC74A00E5B688 /* LaunchScreen.storyboard in Resources */,
				20081961271EC74A00E5B688 /* Assets.xcassets in Resources */,
				2008195F271EC74600E5B688 /* Main.storyboard in Resources */,
			);
			runOnlyForDeploymentPostprocessing = 0;
		};
		20081968271EC74B00E5B688 /* Resources */ = {
			isa = PBXResourcesBuildPhase;
			buildActionMask = 2147483647;
			files = (
			);
			runOnlyForDeploymentPostprocessing = 0;
		};
		20081972271EC74B00E5B688 /* Resources */ = {
			isa = PBXResourcesBuildPhase;
			buildActionMask = 2147483647;
			files = (
			);
			runOnlyForDeploymentPostprocessing = 0;
		};
/* End PBXResourcesBuildPhase section */

/* Begin PBXSourcesBuildPhase section */
		20081950271EC74600E5B688 /* Sources */ = {
			isa = PBXSourcesBuildPhase;
			buildActionMask = 2147483647;
			files = (
				2008195C271EC74600E5B688 /* ViewController.swift in Sources */,
				20081958271EC74600E5B688 /* AppDelegate.swift in Sources */,
				2008195A271EC74600E5B688 /* SceneDelegate.swift in Sources */,
			);
			runOnlyForDeploymentPostprocessing = 0;
		};
		20081966271EC74B00E5B688 /* Sources */ = {
			isa = PBXSourcesBuildPhase;
			buildActionMask = 2147483647;
			files = (
				2008196F271EC74B00E5B688 /* AsparkTests.swift in Sources */,
			);
			runOnlyForDeploymentPostprocessing = 0;
		};
		20081970271EC74B00E5B688 /* Sources */ = {
			isa = PBXSourcesBuildPhase;
			buildActionMask = 2147483647;
			files = (
				2008197B271EC74B00E5B688 /* AsparkUITestsLaunchTests.swift in Sources */,
				20081979271EC74B00E5B688 /* AsparkUITests.swift in Sources */,
			);
			runOnlyForDeploymentPostprocessing = 0;
		};
/* End PBXSourcesBuildPhase section */

/* Begin PBXTargetDependency section */
		2008196C271EC74B00E5B688 /* PBXTargetDependency */ = {
			isa = PBXTargetDependency;
			target = 20081953271EC74600E5B688 /* Aspark */;
			targetProxy = 2008196B271EC74B00E5B688 /* PBXContainerItemProxy */;
		};
		20081976271EC74B00E5B688 /* PBXTargetDependency */ = {
			isa = PBXTargetDependency;
			target = 20081953271EC74600E5B688 /* Aspark */;
			targetProxy = 20081975271EC74B00E5B688 /* PBXContainerItemProxy */;
		};
/* End PBXTargetDependency section */

/* Begin PBXVariantGroup section */
		2008195D271EC74600E5B688 /* Main.storyboard */ = {
			isa = PBXVariantGroup;
			children = (
				2008195E271EC74600E5B688 /* Base */,
			);
			name = Main.storyboard;
			sourceTree = "<group>";
		};
		20081962271EC74A00E5B688 /* LaunchScreen.storyboard */ = {
			isa = PBXVariantGroup;
			children = (
				20081963271EC74A00E5B688 /* Base */,
			);
			name = LaunchScreen.storyboard;
			sourceTree = "<group>";
		};
/* End PBXVariantGroup section */

/* Begin XCBuildConfiguration section */
		2008197C271EC74B00E5B688 /* Debug */ = {
			isa = XCBuildConfiguration;
			buildSettings = {
				ALWAYS_SEARCH_USER_PATHS = NO;
				CLANG_ANALYZER_NONNULL = YES;
				CLANG_ANALYZER_NUMBER_OBJECT_CONVERSION = YES_AGGRESSIVE;
				CLANG_CXX_LANGUAGE_STANDARD = "gnu++17";
				CLANG_CXX_LIBRARY = "libc++";
				CLANG_ENABLE_MODULES = YES;
				CLANG_ENABLE_OBJC_ARC = YES;
				CLANG_ENABLE_OBJC_WEAK = YES;
				CLANG_WARN_BLOCK_CAPTURE_AUTORELEASING = YES;
				CLANG_WARN_BOOL_CONVERSION = YES;
				CLANG_WARN_COMMA = YES;
				CLANG_WARN_CONSTANT_CONVERSION = YES;
				CLANG_WARN_DEPRECATED_OBJC_IMPLEMENTATIONS = YES;
				CLANG_WARN_DIRECT_OBJC_ISA_USAGE = YES_ERROR;
				CLANG_WARN_DOCUMENTATION_COMMENTS = YES;
				CLANG_WARN_EMPTY_BODY = YES;
				CLANG_WARN_ENUM_CONVERSION = YES;
				CLANG_WARN_INFINITE_RECURSION = YES;
				CLANG_WARN_INT_CONVERSION = YES;
				CLANG_WARN_NON_LITERAL_NULL_CONVERSION = YES;
				CLANG_WARN_OBJC_IMPLICIT_RETAIN_SELF = YES;
				CLANG_WARN_OBJC_LITERAL_CONVERSION = YES;
				CLANG_WARN_OBJC_ROOT_CLASS = YES_ERROR;
				CLANG_WARN_QUOTED_INCLUDE_IN_FRAMEWORK_HEADER = YES;
				CLANG_WARN_RANGE_LOOP_ANALYSIS = YES;
				CLANG_WARN_STRICT_PROTOTYPES = YES;
				CLANG_WARN_SUSPICIOUS_MOVE = YES;
				CLANG_WARN_UNGUARDED_AVAILABILITY = YES_AGGRESSIVE;
				CLANG_WARN_UNREACHABLE_CODE = YES;
				CLANG_WARN__DUPLICATE_METHOD_MATCH = YES;
				COPY_PHASE_STRIP = NO;
				DEBUG_INFORMATION_FORMAT = dwarf;
				ENABLE_STRICT_OBJC_MSGSEND = YES;
				ENABLE_TESTABILITY = YES;
				GCC_C_LANGUAGE_STANDARD = gnu11;
				GCC_DYNAMIC_NO_PIC = NO;
				GCC_NO_COMMON_BLOCKS = YES;
				GCC_OPTIMIZATION_LEVEL = 0;
				GCC_PREPROCESSOR_DEFINITIONS = (
					"DEBUG=1",
					"$(inherited)",
				);
				GCC_WARN_64_TO_32_BIT_CONVERSION = YES;
				GCC_WARN_ABOUT_RETURN_TYPE = YES_ERROR;
				GCC_WARN_UNDECLARED_SELECTOR = YES;
				GCC_WARN_UNINITIALIZED_AUTOS = YES_AGGRESSIVE;
				GCC_WARN_UNUSED_FUNCTION = YES;
				GCC_WARN_UNUSED_VARIABLE = YES;
				IPHONEOS_DEPLOYMENT_TARGET = 15.0;
				MTL_ENABLE_DEBUG_INFO = INCLUDE_SOURCE;
				MTL_FAST_MATH = YES;
				ONLY_ACTIVE_ARCH = YES;
				SDKROOT = iphoneos;
				SWIFT_ACTIVE_COMPILATION_CONDITIONS = DEBUG;
				SWIFT_OPTIMIZATION_LEVEL = "-Onone";
			};
			name = Debug;
		};
		2008197D271EC74B00E5B688 /* Release */ = {
			isa = XCBuildConfiguration;
			buildSettings = {
				ALWAYS_SEARCH_USER_PATHS = NO;
				CLANG_ANALYZER_NONNULL = YES;
				CLANG_ANALYZER_NUMBER_OBJECT_CONVERSION = YES_AGGRESSIVE;
				CLANG_CXX_LANGUAGE_STANDARD = "gnu++17";
				CLANG_CXX_LIBRARY = "libc++";
				CLANG_ENABLE_MODULES = YES;
				CLANG_ENABLE_OBJC_ARC = YES;
				CLANG_ENABLE_OBJC_WEAK = YES;
				CLANG_WARN_BLOCK_CAPTURE_AUTORELEASING = YES;
				CLANG_WARN_BOOL_CONVERSION = YES;
				CLANG_WARN_COMMA = YES;
				CLANG_WARN_CONSTANT_CONVERSION = YES;
				CLANG_WARN_DEPRECATED_OBJC_IMPLEMENTATIONS = YES;
				CLANG_WARN_DIRECT_OBJC_ISA_USAGE = YES_ERROR;
				CLANG_WARN_DOCUMENTATION_COMMENTS = YES;
				CLANG_WARN_EMPTY_BODY = YES;
				CLANG_WARN_ENUM_CONVERSION = YES;
				CLANG_WARN_INFINITE_RECURSION = YES;
				CLANG_WARN_INT_CONVERSION = YES;
				CLANG_WARN_NON_LITERAL_NULL_CONVERSION = YES;
				CLANG_WARN_OBJC_IMPLICIT_RETAIN_SELF = YES;
				CLANG_WARN_OBJC_LITERAL_CONVERSION = YES;
				CLANG_WARN_OBJC_ROOT_CLASS = YES_ERROR;
				CLANG_WARN_QUOTED_INCLUDE_IN_FRAMEWORK_HEADER = YES;
				CLANG_WARN_RANGE_LOOP_ANALYSIS = YES;
				CLANG_WARN_STRICT_PROTOTYPES = YES;
				CLANG_WARN_SUSPICIOUS_MOVE = YES;
				CLANG_WARN_UNGUARDED_AVAILABILITY = YES_AGGRESSIVE;
				CLANG_WARN_UNREACHABLE_CODE = YES;
				CLANG_WARN__DUPLICATE_METHOD_MATCH = YES;
				COPY_PHASE_STRIP = NO;
				DEBUG_INFORMATION_FORMAT = "dwarf-with-dsym";
				ENABLE_NS_ASSERTIONS = NO;
				ENABLE_STRICT_OBJC_MSGSEND = YES;
				GCC_C_LANGUAGE_STANDARD = gnu11;
				GCC_NO_COMMON_BLOCKS = YES;
				GCC_WARN_64_TO_32_BIT_CONVERSION = YES;
				GCC_WARN_ABOUT_RETURN_TYPE = YES_ERROR;
				GCC_WARN_UNDECLARED_SELECTOR = YES;
				GCC_WARN_UNINITIALIZED_AUTOS = YES_AGGRESSIVE;
				GCC_WARN_UNUSED_FUNCTION = YES;
				GCC_WARN_UNUSED_VARIABLE = YES;
				IPHONEOS_DEPLOYMENT_TARGET = 15.0;
				MTL_ENABLE_DEBUG_INFO = NO;
				MTL_FAST_MATH = YES;
				SDKROOT = iphoneos;
				SWIFT_COMPILATION_MODE = wholemodule;
				SWIFT_OPTIMIZATION_LEVEL = "-O";
				VALIDATE_PRODUCT = YES;
			};
			name = Release;
		};
		2008197F271EC74B00E5B688 /* Debug */ = {
			isa = XCBuildConfiguration;
			buildSettings = {
				ASSETCATALOG_COMPILER_APPICON_NAME = AppIcon;
				ASSETCATALOG_COMPILER_GLOBAL_ACCENT_COLOR_NAME = AccentColor;
				CODE_SIGN_STYLE = Automatic;
				CURRENT_PROJECT_VERSION = 1;
				DEVELOPMENT_TEAM = YY38H52DZ8;
				GENERATE_INFOPLIST_FILE = YES;
				INFOPLIST_FILE = Aspark/Info.plist;
				INFOPLIST_KEY_UIApplicationSupportsIndirectInputEvents = YES;
				INFOPLIST_KEY_UILaunchStoryboardName = LaunchScreen;
				INFOPLIST_KEY_UIMainStoryboardFile = Main;
				INFOPLIST_KEY_UISupportedInterfaceOrientations_iPad = "UIInterfaceOrientationPortrait UIInterfaceOrientationPortraitUpsideDown UIInterfaceOrientationLandscapeLeft UIInterfaceOrientationLandscapeRight";
				INFOPLIST_KEY_UISupportedInterfaceOrientations_iPhone = "UIInterfaceOrientationPortrait UIInterfaceOrientationLandscapeLeft UIInterfaceOrientationLandscapeRight";
				LD_RUNPATH_SEARCH_PATHS = (
					"$(inherited)",
					"@executable_path/Frameworks",
				);
				MARKETING_VERSION = 1.0;
				PRODUCT_BUNDLE_IDENTIFIER = nishant.Aspark;
				PRODUCT_NAME = "$(TARGET_NAME)";
				SWIFT_EMIT_LOC_STRINGS = YES;
				SWIFT_VERSION = 5.0;
				TARGETED_DEVICE_FAMILY = "1,2";
			};
			name = Debug;
		};
		20081980271EC74B00E5B688 /* Release */ = {
			isa = XCBuildConfiguration;
			buildSettings = {
				ASSETCATALOG_COMPILER_APPICON_NAME = AppIcon;
				ASSETCATALOG_COMPILER_GLOBAL_ACCENT_COLOR_NAME = AccentColor;
				CODE_SIGN_STYLE = Automatic;
				CURRENT_PROJECT_VERSION = 1;
				DEVELOPMENT_TEAM = YY38H52DZ8;
				GENERATE_INFOPLIST_FILE = YES;
				INFOPLIST_FILE = Aspark/Info.plist;
				INFOPLIST_KEY_UIApplicationSupportsIndirectInputEvents = YES;
				INFOPLIST_KEY_UILaunchStoryboardName = LaunchScreen;
				INFOPLIST_KEY_UIMainStoryboardFile = Main;
				INFOPLIST_KEY_UISupportedInterfaceOrientations_iPad = "UIInterfaceOrientationPortrait UIInterfaceOrientationPortraitUpsideDown UIInterfaceOrientationLandscapeLeft UIInterfaceOrientationLandscapeRight";
				INFOPLIST_KEY_UISupportedInterfaceOrientations_iPhone = "UIInterfaceOrientationPortrait UIInterfaceOrientationLandscapeLeft UIInterfaceOrientationLandscapeRight";
				LD_RUNPATH_SEARCH_PATHS = (
					"$(inherited)",
					"@executable_path/Frameworks",
				);
				MARKETING_VERSION = 1.0;
				PRODUCT_BUNDLE_IDENTIFIER = nishant.Aspark;
				PRODUCT_NAME = "$(TARGET_NAME)";
				SWIFT_EMIT_LOC_STRINGS = YES;
				SWIFT_VERSION = 5.0;
				TARGETED_DEVICE_FAMILY = "1,2";
			};
			name = Release;
		};
		20081982271EC74B00E5B688 /* Debug */ = {
			isa = XCBuildConfiguration;
			buildSettings = {
				ALWAYS_EMBED_SWIFT_STANDARD_LIBRARIES = YES;
				BUNDLE_LOADER = "$(TEST_HOST)";
				CODE_SIGN_STYLE = Automatic;
				CURRENT_PROJECT_VERSION = 1;
				DEVELOPMENT_TEAM = YY38H52DZ8;
				GENERATE_INFOPLIST_FILE = YES;
				IPHONEOS_DEPLOYMENT_TARGET = 15.0;
				LD_RUNPATH_SEARCH_PATHS = (
					"$(inherited)",
					"@executable_path/Frameworks",
					"@loader_path/Frameworks",
				);
				MARKETING_VERSION = 1.0;
				PRODUCT_BUNDLE_IDENTIFIER = nishant.AsparkTests;
				PRODUCT_NAME = "$(TARGET_NAME)";
				SWIFT_EMIT_LOC_STRINGS = NO;
				SWIFT_VERSION = 5.0;
				TARGETED_DEVICE_FAMILY = "1,2";
				TEST_HOST = "$(BUILT_PRODUCTS_DIR)/Aspark.app/Aspark";
			};
			name = Debug;
		};
		20081983271EC74B00E5B688 /* Release */ = {
			isa = XCBuildConfiguration;
			buildSettings = {
				ALWAYS_EMBED_SWIFT_STANDARD_LIBRARIES = YES;
				BUNDLE_LOADER = "$(TEST_HOST)";
				CODE_SIGN_STYLE = Automatic;
				CURRENT_PROJECT_VERSION = 1;
				DEVELOPMENT_TEAM = YY38H52DZ8;
				GENERATE_INFOPLIST_FILE = YES;
				IPHONEOS_DEPLOYMENT_TARGET = 15.0;
				LD_RUNPATH_SEARCH_PATHS = (
					"$(inherited)",
					"@executable_path/Frameworks",
					"@loader_path/Frameworks",
				);
				MARKETING_VERSION = 1.0;
				PRODUCT_BUNDLE_IDENTIFIER = nishant.AsparkTests;
				PRODUCT_NAME = "$(TARGET_NAME)";
				SWIFT_EMIT_LOC_STRINGS = NO;
				SWIFT_VERSION = 5.0;
				TARGETED_DEVICE_FAMILY = "1,2";
				TEST_HOST = "$(BUILT_PRODUCTS_DIR)/Aspark.app/Aspark";
			};
			name = Release;
		};
		20081985271EC74B00E5B688 /* Debug */ = {
			isa = XCBuildConfiguration;
			buildSettings = {
				ALWAYS_EMBED_SWIFT_STANDARD_LIBRARIES = YES;
				CODE_SIGN_STYLE = Automatic;
				CURRENT_PROJECT_VERSION = 1;
				DEVELOPMENT_TEAM = YY38H52DZ8;
				GENERATE_INFOPLIST_FILE = YES;
				LD_RUNPATH_SEARCH_PATHS = (
					"$(inherited)",
					"@executable_path/Frameworks",
					"@loader_path/Frameworks",
				);
				MARKETING_VERSION = 1.0;
				PRODUCT_BUNDLE_IDENTIFIER = nishant.AsparkUITests;
				PRODUCT_NAME = "$(TARGET_NAME)";
				SWIFT_EMIT_LOC_STRINGS = NO;
				SWIFT_VERSION = 5.0;
				TARGETED_DEVICE_FAMILY = "1,2";
				TEST_TARGET_NAME = Aspark;
			};
			name = Debug;
		};
		20081986271EC74B00E5B688 /* Release */ = {
			isa = XCBuildConfiguration;
			buildSettings = {
				ALWAYS_EMBED_SWIFT_STANDARD_LIBRARIES = YES;
				CODE_SIGN_STYLE = Automatic;
				CURRENT_PROJECT_VERSION = 1;
				DEVELOPMENT_TEAM = YY38H52DZ8;
				GENERATE_INFOPLIST_FILE = YES;
				LD_RUNPATH_SEARCH_PATHS = (
					"$(inherited)",
					"@executable_path/Frameworks",
					"@loader_path/Frameworks",
				);
				MARKETING_VERSION = 1.0;
				PRODUCT_BUNDLE_IDENTIFIER = nishant.AsparkUITests;
				PRODUCT_NAME = "$(TARGET_NAME)";
				SWIFT_EMIT_LOC_STRINGS = NO;
				SWIFT_VERSION = 5.0;
				TARGETED_DEVICE_FAMILY = "1,2";
				TEST_TARGET_NAME = Aspark;
			};
			name = Release;
		};
/* End XCBuildConfiguration section */

/* Begin XCConfigurationList section */
		2008194F271EC74600E5B688 /* Build configuration list for PBXProject "Aspark" */ = {
			isa = XCConfigurationList;
			buildConfigurations = (
				2008197C271EC74B00E5B688 /* Debug */,
				2008197D271EC74B00E5B688 /* Release */,
			);
			defaultConfigurationIsVisible = 0;
			defaultConfigurationName = Release;
		};
		2008197E271EC74B00E5B688 /* Build configuration list for PBXNativeTarget "Aspark" */ = {
			isa = XCConfigurationList;
			buildConfigurations = (
				2008197F271EC74B00E5B688 /* Debug */,
				20081980271EC74B00E5B688 /* Release */,
			);
			defaultConfigurationIsVisible = 0;
			defaultConfigurationName = Release;
		};
		20081981271EC74B00E5B688 /* Build configuration list for PBXNativeTarget "AsparkTests" */ = {
			isa = XCConfigurationList;
			buildConfigurations = (
				20081982271EC74B00E5B688 /* Debug */,
				20081983271EC74B00E5B688 /* Release */,
			);
			defaultConfigurationIsVisible = 0;
			defaultConfigurationName = Release;
		};
		20081984271EC74B00E5B688 /* Build configuration list for PBXNativeTarget "AsparkUITests" */ = {
			isa = XCConfigurationList;
			buildConfigurations = (
				20081985271EC74B00E5B688 /* Debug */,
				20081986271EC74B00E5B688 /* Release */,
			);
			defaultConfigurationIsVisible = 0;
			defaultConfigurationName = Release;
		};
/* End XCConfigurationList section */
	};
	rootObject = 2008194C271EC74600E5B688 /* Project object */;
}
